
Microsoft Visual Studio Solution File, Format Version 12.00
# Visual Studio 2013
VisualStudioVersion = 12.0.31101.0
MinimumVisualStudioVersion = 10.0.40219.1
Project("{2150E333-8FDC-42A3-9474-1A3956D46DE8}") = "MyOnlineBanker", "MyOnlineBanker", "{D30B0C2E-7B9A-4C88-8381-396F1F652A8E}"
EndProject
Project("{D954291E-2A0B-460D-934E-DC6B0785DB48}") = "MyOnlineBanker.Shared", "MyOnlineBanker\MyOnlineBanker.Shared\MyOnlineBanker.Shared.shproj", "{348C0E21-D3E6-465E-A950-B4583EED930F}"
EndProject
Project("{FAE04EC0-301F-11D3-BF4B-00C04F79EFBC}") = "MyOnlineBanker.Windows", "MyOnlineBanker\MyOnlineBanker.Windows\MyOnlineBanker.Windows.csproj", "{A7A216CE-9333-4317-87B4-236633B28A0A}"
EndProject
Project("{FAE04EC0-301F-11D3-BF4B-00C04F79EFBC}") = "MyOnlineBanker.WindowsPhone", "MyOnlineBanker\MyOnlineBanker.WindowsPhone\MyOnlineBanker.WindowsPhone.csproj", "{9F6FA3F1-B7F8-4340-B2FC-2535CA944D6A}"
EndProject
Global
	GlobalSection(SharedMSBuildProjectFiles) = preSolution
		MyOnlineBanker\MyOnlineBanker.Shared\MyOnlineBanker.Shared.projitems*{9f6fa3f1-b7f8-4340-b2fc-2535ca944d6a}*SharedItemsImports = 4
		MyOnlineBanker\MyOnlineBanker.Shared\MyOnlineBanker.Shared.projitems*{a7a216ce-9333-4317-87b4-236633b28a0a}*SharedItemsImports = 4
		MyOnlineBanker\MyOnlineBanker.Shared\MyOnlineBanker.Shared.projitems*{348c0e21-d3e6-465e-a950-b4583eed930f}*SharedItemsImports = 13
	EndGlobalSection
	GlobalSection(SolutionConfigurationPlatforms) = preSolution
		Debug|Any CPU = Debug|Any CPU
		Debug|ARM = Debug|ARM
		Debug|x64 = Debug|x64
		Debug|x86 = Debug|x86
		Release|Any CPU = Release|Any CPU
		Release|ARM = Release|ARM
		Release|x64 = Release|x64
		Release|x86 = Release|x86
	EndGlobalSection
	GlobalSection(ProjectConfigurationPlatforms) = postSolution
		{A7A216CE-9333-4317-87B4-236633B28A0A}.Debug|Any CPU.ActiveCfg = Debug|x86
		{A7A216CE-9333-4317-87B4-236633B28A0A}.Debug|Any CPU.Build.0 = Debug|x86
		{A7A216CE-9333-4317-87B4-236633B28A0A}.Debug|Any CPU.Deploy.0 = Debug|x86
		{A7A216CE-9333-4317-87B4-236633B28A0A}.Debug|ARM.ActiveCfg = Debug|ARM
		{A7A216CE-9333-4317-87B4-236633B28A0A}.Debug|ARM.Build.0 = Debug|ARM
		{A7A216CE-9333-4317-87B4-236633B28A0A}.Debug|ARM.Deploy.0 = Debug|ARM
		{A7A216CE-9333-4317-87B4-236633B28A0A}.Debug|x64.ActiveCfg = Debug|x64
		{A7A216CE-9333-4317-87B4-236633B28A0A}.Debug|x64.Build.0 = Debug|x64
		{A7A216CE-9333-4317-87B4-236633B28A0A}.Debug|x64.Deploy.0 = Debug|x64
		{A7A216CE-9333-4317-87B4-236633B28A0A}.Debug|x86.ActiveCfg = Debug|x86
		{A7A216CE-9333-4317-87B4-236633B28A0A}.Debug|x86.Build.0 = Debug|x86
		{A7A216CE-9333-4317-87B4-236633B28A0A}.Debug|x86.Deploy.0 = Debug|x86
		{A7A216CE-9333-4317-87B4-236633B28A0A}.Release|Any CPU.ActiveCfg = Release|Any CPU
		{A7A216CE-9333-4317-87B4-236633B28A0A}.Release|Any CPU.Build.0 = Release|Any CPU
		{A7A216CE-9333-4317-87B4-236633B28A0A}.Release|Any CPU.Deploy.0 = Release|Any CPU
		{A7A216CE-9333-4317-87B4-236633B28A0A}.Release|ARM.ActiveCfg = Release|ARM
		{A7A216CE-9333-4317-87B4-236633B28A0A}.Release|ARM.Build.0 = Release|ARM
		{A7A216CE-9333-4317-87B4-236633B28A0A}.Release|ARM.Deploy.0 = Release|ARM
		{A7A216CE-9333-4317-87B4-236633B28A0A}.Release|x64.ActiveCfg = Release|x64
		{A7A216CE-9333-4317-87B4-236633B28A0A}.Release|x64.Build.0 = Release|x64
		{A7A216CE-9333-4317-87B4-236633B28A0A}.Release|x64.Deploy.0 = Release|x64
		{A7A216CE-9333-4317-87B4-236633B28A0A}.Release|x86.ActiveCfg = Release|x86
		{A7A216CE-9333-4317-87B4-236633B28A0A}.Release|x86.Build.0 = Release|x86
		{A7A216CE-9333-4317-87B4-236633B28A0A}.Release|x86.Deploy.0 = Release|x86
		{9F6FA3F1-B7F8-4340-B2FC-2535CA944D6A}.Debug|Any CPU.ActiveCfg = Debug|x86
		{9F6FA3F1-B7F8-4340-B2FC-2535CA944D6A}.Debug|Any CPU.Build.0 = Debug|x86
		{9F6FA3F1-B7F8-4340-B2FC-2535CA944D6A}.Debug|Any CPU.Deploy.0 = Debug|x86
		{9F6FA3F1-B7F8-4340-B2FC-2535CA944D6A}.Debug|ARM.ActiveCfg = Debug|ARM
		{9F6FA3F1-B7F8-4340-B2FC-2535CA944D6A}.Debug|ARM.Build.0 = Debug|ARM
		{9F6FA3F1-B7F8-4340-B2FC-2535CA944D6A}.Debug|ARM.Deploy.0 = Debug|ARM
		{9F6FA3F1-B7F8-4340-B2FC-2535CA944D6A}.Debug|x64.ActiveCfg = Debug|Any CPU
		{9F6FA3F1-B7F8-4340-B2FC-2535CA944D6A}.Debug|x86.ActiveCfg = Debug|x86
		{9F6FA3F1-B7F8-4340-B2FC-2535CA944D6A}.Debug|x86.Build.0 = Debug|x86
		{9F6FA3F1-B7F8-4340-B2FC-2535CA944D6A}.Debug|x86.Deploy.0 = Debug|x86
		{9F6FA3F1-B7F8-4340-B2FC-2535CA944D6A}.Release|Any CPU.ActiveCfg = Release|Any CPU
		{9F6FA3F1-B7F8-4340-B2FC-2535CA944D6A}.Release|Any CPU.Build.0 = Release|Any CPU
		{9F6FA3F1-B7F8-4340-B2FC-2535CA944D6A}.Release|Any CPU.Deploy.0 = Release|Any CPU
		{9F6FA3F1-B7F8-4340-B2FC-2535CA944D6A}.Release|ARM.ActiveCfg = Release|ARM
		{9F6FA3F1-B7F8-4340-B2FC-2535CA944D6A}.Release|ARM.Build.0 = Release|ARM
		{9F6FA3F1-B7F8-4340-B2FC-2535CA944D6A}.Release|ARM.Deploy.0 = Release|ARM
		{9F6FA3F1-B7F8-4340-B2FC-2535CA944D6A}.Release|x64.ActiveCfg = Release|Any CPU
		{9F6FA3F1-B7F8-4340-B2FC-2535CA944D6A}.Release|x86.ActiveCfg = Release|x86
		{9F6FA3F1-B7F8-4340-B2FC-2535CA944D6A}.Release|x86.Build.0 = Release|x86
		{9F6FA3F1-B7F8-4340-B2FC-2535CA944D6A}.Release|x86.Deploy.0 = Release|x86
	EndGlobalSection
	GlobalSection(SolutionProperties) = preSolution
		HideSolutionNode = FALSE
	EndGlobalSection
	GlobalSection(NestedProjects) = preSolution
		{348C0E21-D3E6-465E-A950-B4583EED930F} = {D30B0C2E-7B9A-4C88-8381-396F1F652A8E}
		{A7A216CE-9333-4317-87B4-236633B28A0A} = {D30B0C2E-7B9A-4C88-8381-396F1F652A8E}
		{9F6FA3F1-B7F8-4340-B2FC-2535CA944D6A} = {D30B0C2E-7B9A-4C88-8381-396F1F652A8E}
	EndGlobalSection
EndGlobal
